
Microsoft Visual Studio Solution File, Format Version 12.00
# Visual Studio 15
VisualStudioVersion = 15.0.27130.2003
MinimumVisualStudioVersion = 10.0.40219.1
Project("{8BC9CEB8-8B4A-11D0-8D11-00A0C91BC942}") = "switch-emu", "switch-emu\switch-emu.vcxproj", "{4F3123A8-9D3E-4F92-AAE2-0438761FA3B4}"
EndProject
Project("{2150E333-8FDC-42A3-9474-1A3956D46DE8}") = "libraries", "libraries", "{E8DB313D-8178-4085-A5DE-16F04E575795}"
EndProject
Project("{8BC9CEB8-8B4A-11D0-8D11-00A0C91BC942}") = "imgui", "proj\imgui\imgui.vcxproj", "{27EA3142-6611-4A38-9355-C4B3A3D27CCA}"
EndProject
Project("{8BC9CEB8-8B4A-11D0-8D11-00A0C91BC942}") = "SDL2", "proj\SDL\SDL.vcxproj", "{81CE8DAF-EBB2-4761-8E45-B71ABCCA8C68}"
EndProject
Project("{8BC9CEB8-8B4A-11D0-8D11-00A0C91BC942}") = "SDL2main", "proj\SDLmain\SDLmain.vcxproj", "{DA956FD3-E142-46F2-9DD5-C78BEBB56B7A}"
EndProject
Project("{8BC9CEB8-8B4A-11D0-8D11-00A0C91BC942}") = "asmjit", "proj\asmjit\asmjit.vcxproj", "{7DBBD97F-6DF3-4C2C-92A7-17221C29E9C8}"
EndProject
Project("{8BC9CEB8-8B4A-11D0-8D11-00A0C91BC942}") = "liblz4", "proj\lz4\liblz4.vcxproj", "{9092C5CC-3E71-41B3-BF68-4A7BDD8A5476}"
EndProject
Project("{8BC9CEB8-8B4A-11D0-8D11-00A0C91BC942}") = "libcpu", "libcpu\libcpu.vcxproj", "{B1794F8E-F93A-4B57-BEEB-AD1F16FE09AF}"
EndProject
Project("{8BC9CEB8-8B4A-11D0-8D11-00A0C91BC942}") = "common", "common\common.vcxproj", "{DC90D934-0861-4AFF-8690-74A248CBC5EA}"
EndProject
Project("{8BC9CEB8-8B4A-11D0-8D11-00A0C91BC942}") = "CpuUnitTest", "CpuUnitTest\CpuUnitTest.vcxproj", "{69FB89F8-F613-4986-8A49-EC6CAFD51AE2}"
EndProject
Global
	GlobalSection(SolutionConfigurationPlatforms) = preSolution
		Debug|x64 = Debug|x64
		Debug|x86 = Debug|x86
		Release|x64 = Release|x64
		Release|x86 = Release|x86
	EndGlobalSection
	GlobalSection(ProjectConfigurationPlatforms) = postSolution
		{4F3123A8-9D3E-4F92-AAE2-0438761FA3B4}.Debug|x64.ActiveCfg = Debug|x64
		{4F3123A8-9D3E-4F92-AAE2-0438761FA3B4}.Debug|x64.Build.0 = Debug|x64
		{4F3123A8-9D3E-4F92-AAE2-0438761FA3B4}.Debug|x86.ActiveCfg = Debug|Win32
		{4F3123A8-9D3E-4F92-AAE2-0438761FA3B4}.Debug|x86.Build.0 = Debug|Win32
		{4F3123A8-9D3E-4F92-AAE2-0438761FA3B4}.Release|x64.ActiveCfg = Release|x64
		{4F3123A8-9D3E-4F92-AAE2-0438761FA3B4}.Release|x64.Build.0 = Release|x64
		{4F3123A8-9D3E-4F92-AAE2-0438761FA3B4}.Release|x86.ActiveCfg = Release|Win32
		{4F3123A8-9D3E-4F92-AAE2-0438761FA3B4}.Release|x86.Build.0 = Release|Win32
		{27EA3142-6611-4A38-9355-C4B3A3D27CCA}.Debug|x64.ActiveCfg = Debug|x64
		{27EA3142-6611-4A38-9355-C4B3A3D27CCA}.Debug|x64.Build.0 = Debug|x64
		{27EA3142-6611-4A38-9355-C4B3A3D27CCA}.Debug|x86.ActiveCfg = Debug|Win32
		{27EA3142-6611-4A38-9355-C4B3A3D27CCA}.Debug|x86.Build.0 = Debug|Win32
		{27EA3142-6611-4A38-9355-C4B3A3D27CCA}.Release|x64.ActiveCfg = Release|x64
		{27EA3142-6611-4A38-9355-C4B3A3D27CCA}.Release|x64.Build.0 = Release|x64
		{27EA3142-6611-4A38-9355-C4B3A3D27CCA}.Release|x86.ActiveCfg = Release|Win32
		{27EA3142-6611-4A38-9355-C4B3A3D27CCA}.Release|x86.Build.0 = Release|Win32
		{81CE8DAF-EBB2-4761-8E45-B71ABCCA8C68}.Debug|x64.ActiveCfg = Debug|x64
		{81CE8DAF-EBB2-4761-8E45-B71ABCCA8C68}.Debug|x64.Build.0 = Debug|x64
		{81CE8DAF-EBB2-4761-8E45-B71ABCCA8C68}.Debug|x86.ActiveCfg = Debug|Win32
		{81CE8DAF-EBB2-4761-8E45-B71ABCCA8C68}.Debug|x86.Build.0 = Debug|Win32
		{81CE8DAF-EBB2-4761-8E45-B71ABCCA8C68}.Release|x64.ActiveCfg = Release|x64
		{81CE8DAF-EBB2-4761-8E45-B71ABCCA8C68}.Release|x64.Build.0 = Release|x64
		{81CE8DAF-EBB2-4761-8E45-B71ABCCA8C68}.Release|x86.ActiveCfg = Release|Win32
		{81CE8DAF-EBB2-4761-8E45-B71ABCCA8C68}.Release|x86.Build.0 = Release|Win32
		{DA956FD3-E142-46F2-9DD5-C78BEBB56B7A}.Debug|x64.ActiveCfg = Debug|x64
		{DA956FD3-E142-46F2-9DD5-C78BEBB56B7A}.Debug|x64.Build.0 = Debug|x64
		{DA956FD3-E142-46F2-9DD5-C78BEBB56B7A}.Debug|x86.ActiveCfg = Debug|Win32
		{DA956FD3-E142-46F2-9DD5-C78BEBB56B7A}.Debug|x86.Build.0 = Debug|Win32
		{DA956FD3-E142-46F2-9DD5-C78BEBB56B7A}.Release|x64.ActiveCfg = Release|x64
		{DA956FD3-E142-46F2-9DD5-C78BEBB56B7A}.Release|x64.Build.0 = Release|x64
		{DA956FD3-E142-46F2-9DD5-C78BEBB56B7A}.Release|x86.ActiveCfg = Release|Win32
		{DA956FD3-E142-46F2-9DD5-C78BEBB56B7A}.Release|x86.Build.0 = Release|Win32
		{7DBBD97F-6DF3-4C2C-92A7-17221C29E9C8}.Debug|x64.ActiveCfg = Debug|x64
		{7DBBD97F-6DF3-4C2C-92A7-17221C29E9C8}.Debug|x64.Build.0 = Debug|x64
		{7DBBD97F-6DF3-4C2C-92A7-17221C29E9C8}.Debug|x86.ActiveCfg = Debug|Win32
		{7DBBD97F-6DF3-4C2C-92A7-17221C29E9C8}.Debug|x86.Build.0 = Debug|Win32
		{7DBBD97F-6DF3-4C2C-92A7-17221C29E9C8}.Release|x64.ActiveCfg = Release|x64
		{7DBBD97F-6DF3-4C2C-92A7-17221C29E9C8}.Release|x64.Build.0 = Release|x64
		{7DBBD97F-6DF3-4C2C-92A7-17221C29E9C8}.Release|x86.ActiveCfg = Release|Win32
		{7DBBD97F-6DF3-4C2C-92A7-17221C29E9C8}.Release|x86.Build.0 = Release|Win32
		{9092C5CC-3E71-41B3-BF68-4A7BDD8A5476}.Debug|x64.ActiveCfg = Debug|x64
		{9092C5CC-3E71-41B3-BF68-4A7BDD8A5476}.Debug|x64.Build.0 = Debug|x64
		{9092C5CC-3E71-41B3-BF68-4A7BDD8A5476}.Debug|x86.ActiveCfg = Debug|Win32
		{9092C5CC-3E71-41B3-BF68-4A7BDD8A5476}.Debug|x86.Build.0 = Debug|Win32
		{9092C5CC-3E71-41B3-BF68-4A7BDD8A5476}.Release|x64.ActiveCfg = Release|x64
		{9092C5CC-3E71-41B3-BF68-4A7BDD8A5476}.Release|x64.Build.0 = Release|x64
		{9092C5CC-3E71-41B3-BF68-4A7BDD8A5476}.Release|x86.ActiveCfg = Release|Win32
		{9092C5CC-3E71-41B3-BF68-4A7BDD8A5476}.Release|x86.Build.0 = Release|Win32
		{B1794F8E-F93A-4B57-BEEB-AD1F16FE09AF}.Debug|x64.ActiveCfg = Debug|x64
		{B1794F8E-F93A-4B57-BEEB-AD1F16FE09AF}.Debug|x64.Build.0 = Debug|x64
		{B1794F8E-F93A-4B57-BEEB-AD1F16FE09AF}.Debug|x86.ActiveCfg = Debug|Win32
		{B1794F8E-F93A-4B57-BEEB-AD1F16FE09AF}.Debug|x86.Build.0 = Debug|Win32
		{B1794F8E-F93A-4B57-BEEB-AD1F16FE09AF}.Release|x64.ActiveCfg = Release|x64
		{B1794F8E-F93A-4B57-BEEB-AD1F16FE09AF}.Release|x64.Build.0 = Release|x64
		{B1794F8E-F93A-4B57-BEEB-AD1F16FE09AF}.Release|x86.ActiveCfg = Release|Win32
		{B1794F8E-F93A-4B57-BEEB-AD1F16FE09AF}.Release|x86.Build.0 = Release|Win32
		{DC90D934-0861-4AFF-8690-74A248CBC5EA}.Debug|x64.ActiveCfg = Debug|x64
		{DC90D934-0861-4AFF-8690-74A248CBC5EA}.Debug|x64.Build.0 = Debug|x64
		{DC90D934-0861-4AFF-8690-74A248CBC5EA}.Debug|x86.ActiveCfg = Debug|Win32
		{DC90D934-0861-4AFF-8690-74A248CBC5EA}.Debug|x86.Build.0 = Debug|Win32
		{DC90D934-0861-4AFF-8690-74A248CBC5EA}.Release|x64.ActiveCfg = Release|x64
		{DC90D934-0861-4AFF-8690-74A248CBC5EA}.Release|x64.Build.0 = Release|x64
		{DC90D934-0861-4AFF-8690-74A248CBC5EA}.Release|x86.ActiveCfg = Release|Win32
		{DC90D934-0861-4AFF-8690-74A248CBC5EA}.Release|x86.Build.0 = Release|Win32
		{69FB89F8-F613-4986-8A49-EC6CAFD51AE2}.Debug|x64.ActiveCfg = Debug|x64
		{69FB89F8-F613-4986-8A49-EC6CAFD51AE2}.Debug|x64.Build.0 = Debug|x64
		{69FB89F8-F613-4986-8A49-EC6CAFD51AE2}.Debug|x86.ActiveCfg = Debug|Win32
		{69FB89F8-F613-4986-8A49-EC6CAFD51AE2}.Debug|x86.Build.0 = Debug|Win32
		{69FB89F8-F613-4986-8A49-EC6CAFD51AE2}.Release|x64.ActiveCfg = Release|x64
		{69FB89F8-F613-4986-8A49-EC6CAFD51AE2}.Release|x64.Build.0 = Release|x64
		{69FB89F8-F613-4986-8A49-EC6CAFD51AE2}.Release|x86.ActiveCfg = Release|Win32
		{69FB89F8-F613-4986-8A49-EC6CAFD51AE2}.Release|x86.Build.0 = Release|Win32
	EndGlobalSection
	GlobalSection(SolutionProperties) = preSolution
		HideSolutionNode = FALSE
	EndGlobalSection
	GlobalSection(NestedProjects) = preSolution
		{27EA3142-6611-4A38-9355-C4B3A3D27CCA} = {E8DB313D-8178-4085-A5DE-16F04E575795}
		{81CE8DAF-EBB2-4761-8E45-B71ABCCA8C68} = {E8DB313D-8178-4085-A5DE-16F04E575795}
		{DA956FD3-E142-46F2-9DD5-C78BEBB56B7A} = {E8DB313D-8178-4085-A5DE-16F04E575795}
		{7DBBD97F-6DF3-4C2C-92A7-17221C29E9C8} = {E8DB313D-8178-4085-A5DE-16F04E575795}
		{9092C5CC-3E71-41B3-BF68-4A7BDD8A5476} = {E8DB313D-8178-4085-A5DE-16F04E575795}
	EndGlobalSection
	GlobalSection(ExtensibilityGlobals) = postSolution
		SolutionGuid = {F2333F8F-0323-47F5-B93E-88123E1073C5}
	EndGlobalSection
EndGlobal
